
Microsoft Visual Studio Solution File, Format Version 12.00
# Visual Studio Version 17
VisualStudioVersion = 17.7.34031.279
MinimumVisualStudioVersion = 10.0.40219.1
Project("{9A19103F-16F7-4668-BE54-9A1E7A4F7556}") = "SpellingBee", "SpellingBee.csproj", "{C62DA67B-935B-4384-BB74-559787371576}"
EndProject
Project("{9A19103F-16F7-4668-BE54-9A1E7A4F7556}") = "TestSpellingBee", "..\TestSpellingBee\TestSpellingBee.csproj", "{E183407B-3242-4175-BF68-56B525B4FDD1}"
EndProject
Global
	GlobalSection(SolutionConfigurationPlatforms) = preSolution
		Debug|Any CPU = Debug|Any CPU
		Release|Any CPU = Release|Any CPU
	EndGlobalSection
	GlobalSection(ProjectConfigurationPlatforms) = postSolution
		{C62DA67B-935B-4384-BB74-559787371576}.Debug|Any CPU.ActiveCfg = Debug|Any CPU
		{C62DA67B-935B-4384-BB74-559787371576}.Debug|Any CPU.Build.0 = Debug|Any CPU
		{C62DA67B-935B-4384-BB74-559787371576}.Release|Any CPU.ActiveCfg = Release|Any CPU
		{C62DA67B-935B-4384-BB74-559787371576}.Release|Any CPU.Build.0 = Release|Any CPU
		{E183407B-3242-4175-BF68-56B525B4FDD1}.Debug|Any CPU.ActiveCfg = Debug|Any CPU
		{E183407B-3242-4175-BF68-56B525B4FDD1}.Debug|Any CPU.Build.0 = Debug|Any CPU
		{E183407B-3242-4175-BF68-56B525B4FDD1}.Release|Any CPU.ActiveCfg = Release|Any CPU
		{E183407B-3242-4175-BF68-56B525B4FDD1}.Release|Any CPU.Build.0 = Release|Any CPU
	EndGlobalSection
	GlobalSection(SolutionProperties) = preSolution
		HideSolutionNode = FALSE
	EndGlobalSection
	GlobalSection(ExtensibilityGlobals) = postSolution
		SolutionGuid = {8EDEF45A-3CB6-429F-84AF-CB9602420E90}
	EndGlobalSection
EndGlobal
